
Microsoft Visual Studio Solution File, Format Version 12.00
# Visual Studio Version 17
VisualStudioVersion = 17.5.33414.496
MinimumVisualStudioVersion = 10.0.40219.1
Project("{FAE04EC0-301F-11D3-BF4B-00C04F79EFBC}") = "lab02", "lab02\lab02.csproj", "{EE6E358A-3F32-43F4-9969-842EF66E6E21}"
EndProject
Global
	GlobalSection(SolutionConfigurationPlatforms) = preSolution
		Debug|Any CPU = Debug|Any CPU
		Release|Any CPU = Release|Any CPU
	EndGlobalSection
	GlobalSection(ProjectConfigurationPlatforms) = postSolution
		{EE6E358A-3F32-43F4-9969-842EF66E6E21}.Debug|Any CPU.ActiveCfg = Debug|Any CPU
		{EE6E358A-3F32-43F4-9969-842EF66E6E21}.Debug|Any CPU.Build.0 = Debug|Any CPU
		{EE6E358A-3F32-43F4-9969-842EF66E6E21}.Release|Any CPU.ActiveCfg = Release|Any CPU
		{EE6E358A-3F32-43F4-9969-842EF66E6E21}.Release|Any CPU.Build.0 = Release|Any CPU
	EndGlobalSection
	GlobalSection(SolutionProperties) = preSolution
		HideSolutionNode = FALSE
	EndGlobalSection
	GlobalSection(ExtensibilityGlobals) = postSolution
		SolutionGuid = {B371F066-E024-4D6D-A2BE-74FFCDF6ED29}
	EndGlobalSection
EndGlobal
